// !$*UTF8*$!
{
	archiveVersion = 1;
	classes = {
	};
	objectVersion = 56;
	objects = {

/* Begin PBXBuildFile section */
		DB16DD512A4151E300283350 /* AddAccountPresenter.swift in Sources */ = {isa = PBXBuildFile; fileRef = DB16DD4C2A4151E300283350 /* AddAccountPresenter.swift */; };
		DB16DD522A4151E300283350 /* AddAccountRouter.swift in Sources */ = {isa = PBXBuildFile; fileRef = DB16DD4D2A4151E300283350 /* AddAccountRouter.swift */; };
		DB16DD532A4151E300283350 /* AddAccountViewController.swift in Sources */ = {isa = PBXBuildFile; fileRef = DB16DD4E2A4151E300283350 /* AddAccountViewController.swift */; };
		DB16DD542A4151E300283350 /* AddAccountProtocols.swift in Sources */ = {isa = PBXBuildFile; fileRef = DB16DD4F2A4151E300283350 /* AddAccountProtocols.swift */; };
		DB16DD552A4151E300283350 /* AddAccountInteractor.swift in Sources */ = {isa = PBXBuildFile; fileRef = DB16DD502A4151E300283350 /* AddAccountInteractor.swift */; };
		DB34F17A2A2D5F9200FF3E65 /* DashboardTableViewCell.swift in Sources */ = {isa = PBXBuildFile; fileRef = DB34F1782A2D5F9200FF3E65 /* DashboardTableViewCell.swift */; };
		DB34F17B2A2D5F9200FF3E65 /* DashboardTableViewCell.xib in Resources */ = {isa = PBXBuildFile; fileRef = DB34F1792A2D5F9200FF3E65 /* DashboardTableViewCell.xib */; };
		DB53E4ED2A2D349D00ADA4BE /* AppDelegate.swift in Sources */ = {isa = PBXBuildFile; fileRef = DB53E4EC2A2D349D00ADA4BE /* AppDelegate.swift */; };
		DB53E4EF2A2D349D00ADA4BE /* SceneDelegate.swift in Sources */ = {isa = PBXBuildFile; fileRef = DB53E4EE2A2D349D00ADA4BE /* SceneDelegate.swift */; };
		DB53E4F12A2D349D00ADA4BE /* ViewController.swift in Sources */ = {isa = PBXBuildFile; fileRef = DB53E4F02A2D349D00ADA4BE /* ViewController.swift */; };
		DB53E4F72A2D349D00ADA4BE /* SuperSoaker.xcdatamodeld in Sources */ = {isa = PBXBuildFile; fileRef = DB53E4F52A2D349D00ADA4BE /* SuperSoaker.xcdatamodeld */; };
		DB53E4F92A2D349E00ADA4BE /* Assets.xcassets in Resources */ = {isa = PBXBuildFile; fileRef = DB53E4F82A2D349E00ADA4BE /* Assets.xcassets */; };
		DB53E4FC2A2D349E00ADA4BE /* LaunchScreen.storyboard in Resources */ = {isa = PBXBuildFile; fileRef = DB53E4FA2A2D349E00ADA4BE /* LaunchScreen.storyboard */; };
		DB53E50A2A2D34CB00ADA4BE /* DashboardPresenter.swift in Sources */ = {isa = PBXBuildFile; fileRef = DB53E5052A2D34CB00ADA4BE /* DashboardPresenter.swift */; };
		DB53E50B2A2D34CB00ADA4BE /* DashboardRouter.swift in Sources */ = {isa = PBXBuildFile; fileRef = DB53E5062A2D34CB00ADA4BE /* DashboardRouter.swift */; };
		DB53E50C2A2D34CB00ADA4BE /* DashboardViewController.swift in Sources */ = {isa = PBXBuildFile; fileRef = DB53E5072A2D34CB00ADA4BE /* DashboardViewController.swift */; };
		DB53E50D2A2D34CB00ADA4BE /* DashboardProtocols.swift in Sources */ = {isa = PBXBuildFile; fileRef = DB53E5082A2D34CB00ADA4BE /* DashboardProtocols.swift */; };
		DB53E50E2A2D34CB00ADA4BE /* DashboardInteractor.swift in Sources */ = {isa = PBXBuildFile; fileRef = DB53E5092A2D34CB00ADA4BE /* DashboardInteractor.swift */; };
		DB53E5102A2D34E100ADA4BE /* DashboardViewController.storyboard in Resources */ = {isa = PBXBuildFile; fileRef = DB53E50F2A2D34E100ADA4BE /* DashboardViewController.storyboard */; };
		DBFF4DA92A368E1F00B68EB6 /* CalculadoraViewController.swift in Sources */ = {isa = PBXBuildFile; fileRef = DBFF4DA82A368E1F00B68EB6 /* CalculadoraViewController.swift */; };
/* End PBXBuildFile section */

/* Begin PBXFileReference section */
		DB16DD4C2A4151E300283350 /* AddAccountPresenter.swift */ = {isa = PBXFileReference; lastKnownFileType = sourcecode.swift; path = AddAccountPresenter.swift; sourceTree = "<group>"; };
		DB16DD4D2A4151E300283350 /* AddAccountRouter.swift */ = {isa = PBXFileReference; lastKnownFileType = sourcecode.swift; path = AddAccountRouter.swift; sourceTree = "<group>"; };
		DB16DD4E2A4151E300283350 /* AddAccountViewController.swift */ = {isa = PBXFileReference; lastKnownFileType = sourcecode.swift; path = AddAccountViewController.swift; sourceTree = "<group>"; };
		DB16DD4F2A4151E300283350 /* AddAccountProtocols.swift */ = {isa = PBXFileReference; lastKnownFileType = sourcecode.swift; path = AddAccountProtocols.swift; sourceTree = "<group>"; };
		DB16DD502A4151E300283350 /* AddAccountInteractor.swift */ = {isa = PBXFileReference; lastKnownFileType = sourcecode.swift; path = AddAccountInteractor.swift; sourceTree = "<group>"; };
		DB34F1782A2D5F9200FF3E65 /* DashboardTableViewCell.swift */ = {isa = PBXFileReference; lastKnownFileType = sourcecode.swift; path = DashboardTableViewCell.swift; sourceTree = "<group>"; };
		DB34F1792A2D5F9200FF3E65 /* DashboardTableViewCell.xib */ = {isa = PBXFileReference; lastKnownFileType = file.xib; path = DashboardTableViewCell.xib; sourceTree = "<group>"; };
		DB53E4E92A2D349D00ADA4BE /* SuperSoaker.app */ = {isa = PBXFileReference; explicitFileType = wrapper.application; includeInIndex = 0; path = SuperSoaker.app; sourceTree = BUILT_PRODUCTS_DIR; };
		DB53E4EC2A2D349D00ADA4BE /* AppDelegate.swift */ = {isa = PBXFileReference; lastKnownFileType = sourcecode.swift; path = AppDelegate.swift; sourceTree = "<group>"; };
		DB53E4EE2A2D349D00ADA4BE /* SceneDelegate.swift */ = {isa = PBXFileReference; lastKnownFileType = sourcecode.swift; path = SceneDelegate.swift; sourceTree = "<group>"; };
		DB53E4F02A2D349D00ADA4BE /* ViewController.swift */ = {isa = PBXFileReference; lastKnownFileType = sourcecode.swift; path = ViewController.swift; sourceTree = "<group>"; };
		DB53E4F62A2D349D00ADA4BE /* SuperSoaker.xcdatamodel */ = {isa = PBXFileReference; lastKnownFileType = wrapper.xcdatamodel; path = SuperSoaker.xcdatamodel; sourceTree = "<group>"; };
		DB53E4F82A2D349E00ADA4BE /* Assets.xcassets */ = {isa = PBXFileReference; lastKnownFileType = folder.assetcatalog; path = Assets.xcassets; sourceTree = "<group>"; };
		DB53E4FB2A2D349E00ADA4BE /* Base */ = {isa = PBXFileReference; lastKnownFileType = file.storyboard; name = Base; path = Base.lproj/LaunchScreen.storyboard; sourceTree = "<group>"; };
		DB53E4FD2A2D349E00ADA4BE /* Info.plist */ = {isa = PBXFileReference; lastKnownFileType = text.plist.xml; path = Info.plist; sourceTree = "<group>"; };
		DB53E5052A2D34CB00ADA4BE /* DashboardPresenter.swift */ = {isa = PBXFileReference; lastKnownFileType = sourcecode.swift; path = DashboardPresenter.swift; sourceTree = "<group>"; };
		DB53E5062A2D34CB00ADA4BE /* DashboardRouter.swift */ = {isa = PBXFileReference; lastKnownFileType = sourcecode.swift; path = DashboardRouter.swift; sourceTree = "<group>"; };
		DB53E5072A2D34CB00ADA4BE /* DashboardViewController.swift */ = {isa = PBXFileReference; lastKnownFileType = sourcecode.swift; path = DashboardViewController.swift; sourceTree = "<group>"; };
		DB53E5082A2D34CB00ADA4BE /* DashboardProtocols.swift */ = {isa = PBXFileReference; lastKnownFileType = sourcecode.swift; path = DashboardProtocols.swift; sourceTree = "<group>"; };
		DB53E5092A2D34CB00ADA4BE /* DashboardInteractor.swift */ = {isa = PBXFileReference; lastKnownFileType = sourcecode.swift; path = DashboardInteractor.swift; sourceTree = "<group>"; };
		DB53E50F2A2D34E100ADA4BE /* DashboardViewController.storyboard */ = {isa = PBXFileReference; lastKnownFileType = file.storyboard; path = DashboardViewController.storyboard; sourceTree = "<group>"; };
		DBFF4DA82A368E1F00B68EB6 /* CalculadoraViewController.swift */ = {isa = PBXFileReference; lastKnownFileType = sourcecode.swift; path = CalculadoraViewController.swift; sourceTree = "<group>"; };
/* End PBXFileReference section */

/* Begin PBXFrameworksBuildPhase section */
		DB53E4E62A2D349D00ADA4BE /* Frameworks */ = {
			isa = PBXFrameworksBuildPhase;
			buildActionMask = 2147483647;
			files = (
			);
			runOnlyForDeploymentPostprocessing = 0;
		};
/* End PBXFrameworksBuildPhase section */

/* Begin PBXGroup section */
		DB16DD4B2A4151C700283350 /* AddAcount */ = {
			isa = PBXGroup;
			children = (
				DB16DD4C2A4151E300283350 /* AddAccountPresenter.swift */,
				DB16DD4D2A4151E300283350 /* AddAccountRouter.swift */,
				DB16DD4E2A4151E300283350 /* AddAccountViewController.swift */,
				DB16DD4F2A4151E300283350 /* AddAccountProtocols.swift */,
				DB16DD502A4151E300283350 /* AddAccountInteractor.swift */,
			);
			path = AddAcount;
			sourceTree = "<group>";
		};
		DB34F1772A2D5F6E00FF3E65 /* ReusableViews */ = {
			isa = PBXGroup;
			children = (
				DB34F1782A2D5F9200FF3E65 /* DashboardTableViewCell.swift */,
				DB34F1792A2D5F9200FF3E65 /* DashboardTableViewCell.xib */,
			);
			path = ReusableViews;
			sourceTree = "<group>";
		};
		DB53E4E02A2D349D00ADA4BE = {
			isa = PBXGroup;
			children = (
				DB53E4EB2A2D349D00ADA4BE /* SuperSoaker */,
				DB53E4EA2A2D349D00ADA4BE /* Products */,
			);
			sourceTree = "<group>";
		};
		DB53E4EA2A2D349D00ADA4BE /* Products */ = {
			isa = PBXGroup;
			children = (
				DB53E4E92A2D349D00ADA4BE /* SuperSoaker.app */,
			);
			name = Products;
			sourceTree = "<group>";
		};
		DB53E4EB2A2D349D00ADA4BE /* SuperSoaker */ = {
			isa = PBXGroup;
			children = (
				DB34F1772A2D5F6E00FF3E65 /* ReusableViews */,
				DB53E5032A2D34B300ADA4BE /* Modules */,
				DB53E4EC2A2D349D00ADA4BE /* AppDelegate.swift */,
				DB53E4EE2A2D349D00ADA4BE /* SceneDelegate.swift */,
				DB53E4F02A2D349D00ADA4BE /* ViewController.swift */,
				DB53E4F82A2D349E00ADA4BE /* Assets.xcassets */,
				DB53E4FA2A2D349E00ADA4BE /* LaunchScreen.storyboard */,
				DB53E4FD2A2D349E00ADA4BE /* Info.plist */,
				DB53E4F52A2D349D00ADA4BE /* SuperSoaker.xcdatamodeld */,
			);
			path = SuperSoaker;
			sourceTree = "<group>";
		};
		DB53E5032A2D34B300ADA4BE /* Modules */ = {
			isa = PBXGroup;
			children = (
				DB16DD4B2A4151C700283350 /* AddAcount */,
				DB53E5042A2D34B900ADA4BE /* Dashboard */,
				DBFF4DA82A368E1F00B68EB6 /* CalculadoraViewController.swift */,
			);
			path = Modules;
			sourceTree = "<group>";
		};
		DB53E5042A2D34B900ADA4BE /* Dashboard */ = {
			isa = PBXGroup;
			children = (
				DB53E5052A2D34CB00ADA4BE /* DashboardPresenter.swift */,
				DB53E5062A2D34CB00ADA4BE /* DashboardRouter.swift */,
				DB53E5072A2D34CB00ADA4BE /* DashboardViewController.swift */,
				DB53E5082A2D34CB00ADA4BE /* DashboardProtocols.swift */,
				DB53E5092A2D34CB00ADA4BE /* DashboardInteractor.swift */,
				DB53E50F2A2D34E100ADA4BE /* DashboardViewController.storyboard */,
			);
			path = Dashboard;
			sourceTree = "<group>";
		};
/* End PBXGroup section */

/* Begin PBXNativeTarget section */
		DB53E4E82A2D349D00ADA4BE /* SuperSoaker */ = {
			isa = PBXNativeTarget;
			buildConfigurationList = DB53E5002A2D349E00ADA4BE /* Build configuration list for PBXNativeTarget "SuperSoaker" */;
			buildPhases = (
				DB53E4E52A2D349D00ADA4BE /* Sources */,
				DB53E4E62A2D349D00ADA4BE /* Frameworks */,
				DB53E4E72A2D349D00ADA4BE /* Resources */,
			);
			buildRules = (
			);
			dependencies = (
			);
			name = SuperSoaker;
			productName = SuperSoaker;
			productReference = DB53E4E92A2D349D00ADA4BE /* SuperSoaker.app */;
			productType = "com.apple.product-type.application";
		};
/* End PBXNativeTarget section */

/* Begin PBXProject section */
		DB53E4E12A2D349D00ADA4BE /* Project object */ = {
			isa = PBXProject;
			attributes = {
				BuildIndependentTargetsInParallel = 1;
				LastSwiftUpdateCheck = 1420;
				LastUpgradeCheck = 1420;
				TargetAttributes = {
					DB53E4E82A2D349D00ADA4BE = {
						CreatedOnToolsVersion = 14.2;
					};
				};
			};
			buildConfigurationList = DB53E4E42A2D349D00ADA4BE /* Build configuration list for PBXProject "SuperSoaker" */;
			compatibilityVersion = "Xcode 14.0";
			developmentRegion = en;
			hasScannedForEncodings = 0;
			knownRegions = (
				en,
				Base,
			);
			mainGroup = DB53E4E02A2D349D00ADA4BE;
			productRefGroup = DB53E4EA2A2D349D00ADA4BE /* Products */;
			projectDirPath = "";
			projectRoot = "";
			targets = (
				DB53E4E82A2D349D00ADA4BE /* SuperSoaker */,
			);
		};
/* End PBXProject section */

/* Begin PBXResourcesBuildPhase section */
		DB53E4E72A2D349D00ADA4BE /* Resources */ = {
			isa = PBXResourcesBuildPhase;
			buildActionMask = 2147483647;
			files = (
				DB53E5102A2D34E100ADA4BE /* DashboardViewController.storyboard in Resources */,
				DB53E4FC2A2D349E00ADA4BE /* LaunchScreen.storyboard in Resources */,
				DB34F17B2A2D5F9200FF3E65 /* DashboardTableViewCell.xib in Resources */,
				DB53E4F92A2D349E00ADA4BE /* Assets.xcassets in Resources */,
			);
			runOnlyForDeploymentPostprocessing = 0;
		};
/* End PBXResourcesBuildPhase section */

/* Begin PBXSourcesBuildPhase section */
		DB53E4E52A2D349D00ADA4BE /* Sources */ = {
			isa = PBXSourcesBuildPhase;
			buildActionMask = 2147483647;
			files = (
				DB53E50D2A2D34CB00ADA4BE /* DashboardProtocols.swift in Sources */,
				DB16DD522A4151E300283350 /* AddAccountRouter.swift in Sources */,
				DB53E4F72A2D349D00ADA4BE /* SuperSoaker.xcdatamodeld in Sources */,
				DB16DD512A4151E300283350 /* AddAccountPresenter.swift in Sources */,
				DB53E50C2A2D34CB00ADA4BE /* DashboardViewController.swift in Sources */,
				DB16DD542A4151E300283350 /* AddAccountProtocols.swift in Sources */,
				DB16DD552A4151E300283350 /* AddAccountInteractor.swift in Sources */,
				DB53E50B2A2D34CB00ADA4BE /* DashboardRouter.swift in Sources */,
				DB34F17A2A2D5F9200FF3E65 /* DashboardTableViewCell.swift in Sources */,
				DB53E50A2A2D34CB00ADA4BE /* DashboardPresenter.swift in Sources */,
				DB16DD532A4151E300283350 /* AddAccountViewController.swift in Sources */,
				DB53E50E2A2D34CB00ADA4BE /* DashboardInteractor.swift in Sources */,
				DBFF4DA92A368E1F00B68EB6 /* CalculadoraViewController.swift in Sources */,
				DB53E4F12A2D349D00ADA4BE /* ViewController.swift in Sources */,
				DB53E4ED2A2D349D00ADA4BE /* AppDelegate.swift in Sources */,
				DB53E4EF2A2D349D00ADA4BE /* SceneDelegate.swift in Sources */,
			);
			runOnlyForDeploymentPostprocessing = 0;
		};
/* End PBXSourcesBuildPhase section */

/* Begin PBXVariantGroup section */
		DB53E4FA2A2D349E00ADA4BE /* LaunchScreen.storyboard */ = {
			isa = PBXVariantGroup;
			children = (
				DB53E4FB2A2D349E00ADA4BE /* Base */,
			);
			name = LaunchScreen.storyboard;
			sourceTree = "<group>";
		};
/* End PBXVariantGroup section */

/* Begin XCBuildConfiguration section */
		DB53E4FE2A2D349E00ADA4BE /* Debug */ = {
			isa = XCBuildConfiguration;
			buildSettings = {
				ALWAYS_SEARCH_USER_PATHS = NO;
				CLANG_ANALYZER_NONNULL = YES;
				CLANG_ANALYZER_NUMBER_OBJECT_CONVERSION = YES_AGGRESSIVE;
				CLANG_CXX_LANGUAGE_STANDARD = "gnu++20";
				CLANG_ENABLE_MODULES = YES;
				CLANG_ENABLE_OBJC_ARC = YES;
				CLANG_ENABLE_OBJC_WEAK = YES;
				CLANG_WARN_BLOCK_CAPTURE_AUTORELEASING = YES;
				CLANG_WARN_BOOL_CONVERSION = YES;
				CLANG_WARN_COMMA = YES;
				CLANG_WARN_CONSTANT_CONVERSION = YES;
				CLANG_WARN_DEPRECATED_OBJC_IMPLEMENTATIONS = YES;
				CLANG_WARN_DIRECT_OBJC_ISA_USAGE = YES_ERROR;
				CLANG_WARN_DOCUMENTATION_COMMENTS = YES;
				CLANG_WARN_EMPTY_BODY = YES;
				CLANG_WARN_ENUM_CONVERSION = YES;
				CLANG_WARN_INFINITE_RECURSION = YES;
				CLANG_WARN_INT_CONVERSION = YES;
				CLANG_WARN_NON_LITERAL_NULL_CONVERSION = YES;
				CLANG_WARN_OBJC_IMPLICIT_RETAIN_SELF = YES;
				CLANG_WARN_OBJC_LITERAL_CONVERSION = YES;
				CLANG_WARN_OBJC_ROOT_CLASS = YES_ERROR;
				CLANG_WARN_QUOTED_INCLUDE_IN_FRAMEWORK_HEADER = YES;
				CLANG_WARN_RANGE_LOOP_ANALYSIS = YES;
				CLANG_WARN_STRICT_PROTOTYPES = YES;
				CLANG_WARN_SUSPICIOUS_MOVE = YES;
				CLANG_WARN_UNGUARDED_AVAILABILITY = YES_AGGRESSIVE;
				CLANG_WARN_UNREACHABLE_CODE = YES;
				CLANG_WARN__DUPLICATE_METHOD_MATCH = YES;
				COPY_PHASE_STRIP = NO;
				DEBUG_INFORMATION_FORMAT = dwarf;
				ENABLE_STRICT_OBJC_MSGSEND = YES;
				ENABLE_TESTABILITY = YES;
				GCC_C_LANGUAGE_STANDARD = gnu11;
				GCC_DYNAMIC_NO_PIC = NO;
				GCC_NO_COMMON_BLOCKS = YES;
				GCC_OPTIMIZATION_LEVEL = 0;
				GCC_PREPROCESSOR_DEFINITIONS = (
					"DEBUG=1",
					"$(inherited)",
				);
				GCC_WARN_64_TO_32_BIT_CONVERSION = YES;
				GCC_WARN_ABOUT_RETURN_TYPE = YES_ERROR;
				GCC_WARN_UNDECLARED_SELECTOR = YES;
				GCC_WARN_UNINITIALIZED_AUTOS = YES_AGGRESSIVE;
				GCC_WARN_UNUSED_FUNCTION = YES;
				GCC_WARN_UNUSED_VARIABLE = YES;
				IPHONEOS_DEPLOYMENT_TARGET = 16.2;
				MTL_ENABLE_DEBUG_INFO = INCLUDE_SOURCE;
				MTL_FAST_MATH = YES;
				ONLY_ACTIVE_ARCH = YES;
				SDKROOT = iphoneos;
				SWIFT_ACTIVE_COMPILATION_CONDITIONS = DEBUG;
				SWIFT_OPTIMIZATION_LEVEL = "-Onone";
			};
			name = Debug;
		};
		DB53E4FF2A2D349E00ADA4BE /* Release */ = {
			isa = XCBuildConfiguration;
			buildSettings = {
				ALWAYS_SEARCH_USER_PATHS = NO;
				CLANG_ANALYZER_NONNULL = YES;
				CLANG_ANALYZER_NUMBER_OBJECT_CONVERSION = YES_AGGRESSIVE;
				CLANG_CXX_LANGUAGE_STANDARD = "gnu++20";
				CLANG_ENABLE_MODULES = YES;
				CLANG_ENABLE_OBJC_ARC = YES;
				CLANG_ENABLE_OBJC_WEAK = YES;
				CLANG_WARN_BLOCK_CAPTURE_AUTORELEASING = YES;
				CLANG_WARN_BOOL_CONVERSION = YES;
				CLANG_WARN_COMMA = YES;
				CLANG_WARN_CONSTANT_CONVERSION = YES;
				CLANG_WARN_DEPRECATED_OBJC_IMPLEMENTATIONS = YES;
				CLANG_WARN_DIRECT_OBJC_ISA_USAGE = YES_ERROR;
				CLANG_WARN_DOCUMENTATION_COMMENTS = YES;
				CLANG_WARN_EMPTY_BODY = YES;
				CLANG_WARN_ENUM_CONVERSION = YES;
				CLANG_WARN_INFINITE_RECURSION = YES;
				CLANG_WARN_INT_CONVERSION = YES;
				CLANG_WARN_NON_LITERAL_NULL_CONVERSION = YES;
				CLANG_WARN_OBJC_IMPLICIT_RETAIN_SELF = YES;
				CLANG_WARN_OBJC_LITERAL_CONVERSION = YES;
				CLANG_WARN_OBJC_ROOT_CLASS = YES_ERROR;
				CLANG_WARN_QUOTED_INCLUDE_IN_FRAMEWORK_HEADER = YES;
				CLANG_WARN_RANGE_LOOP_ANALYSIS = YES;
				CLANG_WARN_STRICT_PROTOTYPES = YES;
				CLANG_WARN_SUSPICIOUS_MOVE = YES;
				CLANG_WARN_UNGUARDED_AVAILABILITY = YES_AGGRESSIVE;
				CLANG_WARN_UNREACHABLE_CODE = YES;
				CLANG_WARN__DUPLICATE_METHOD_MATCH = YES;
				COPY_PHASE_STRIP = NO;
				DEBUG_INFORMATION_FORMAT = "dwarf-with-dsym";
				ENABLE_NS_ASSERTIONS = NO;
				ENABLE_STRICT_OBJC_MSGSEND = YES;
				GCC_C_LANGUAGE_STANDARD = gnu11;
				GCC_NO_COMMON_BLOCKS = YES;
				GCC_WARN_64_TO_32_BIT_CONVERSION = YES;
				GCC_WARN_ABOUT_RETURN_TYPE = YES_ERROR;
				GCC_WARN_UNDECLARED_SELECTOR = YES;
				GCC_WARN_UNINITIALIZED_AUTOS = YES_AGGRESSIVE;
				GCC_WARN_UNUSED_FUNCTION = YES;
				GCC_WARN_UNUSED_VARIABLE = YES;
				IPHONEOS_DEPLOYMENT_TARGET = 16.2;
				MTL_ENABLE_DEBUG_INFO = NO;
				MTL_FAST_MATH = YES;
				SDKROOT = iphoneos;
				SWIFT_COMPILATION_MODE = wholemodule;
				SWIFT_OPTIMIZATION_LEVEL = "-O";
				VALIDATE_PRODUCT = YES;
			};
			name = Release;
		};
		DB53E5012A2D349E00ADA4BE /* Debug */ = {
			isa = XCBuildConfiguration;
			buildSettings = {
				ASSETCATALOG_COMPILER_APPICON_NAME = AppIcon;
				ASSETCATALOG_COMPILER_GLOBAL_ACCENT_COLOR_NAME = AccentColor;
				CODE_SIGN_STYLE = Automatic;
				CURRENT_PROJECT_VERSION = 1;
				DEVELOPMENT_TEAM = 8V8ZQ8R5D9;
				GENERATE_INFOPLIST_FILE = YES;
				INFOPLIST_FILE = SuperSoaker/Info.plist;
				INFOPLIST_KEY_UIApplicationSupportsIndirectInputEvents = YES;
				INFOPLIST_KEY_UILaunchStoryboardName = LaunchScreen;
				INFOPLIST_KEY_UIMainStoryboardFile = DashboardViewController;
				INFOPLIST_KEY_UISupportedInterfaceOrientations = UIInterfaceOrientationPortrait;
				INFOPLIST_KEY_UISupportedInterfaceOrientations_iPad = "UIInterfaceOrientationLandscapeLeft UIInterfaceOrientationLandscapeRight UIInterfaceOrientationPortrait UIInterfaceOrientationPortraitUpsideDown";
				IPHONEOS_DEPLOYMENT_TARGET = 15.0;
				LD_RUNPATH_SEARCH_PATHS = (
					"$(inherited)",
					"@executable_path/Frameworks",
				);
				MARKETING_VERSION = 1.0;
				PRODUCT_BUNDLE_IDENTIFIER = com.dlichz.SuperSoaker;
				PRODUCT_NAME = "$(TARGET_NAME)";
				SUPPORTED_PLATFORMS = "iphoneos iphonesimulator";
				SUPPORTS_MACCATALYST = NO;
				SUPPORTS_MAC_DESIGNED_FOR_IPHONE_IPAD = NO;
				SWIFT_EMIT_LOC_STRINGS = YES;
				SWIFT_VERSION = 5.0;
				TARGETED_DEVICE_FAMILY = 1;
			};
			name = Debug;
		};
		DB53E5022A2D349E00ADA4BE /* Release */ = {
			isa = XCBuildConfiguration;
			buildSettings = {
				ASSETCATALOG_COMPILER_APPICON_NAME = AppIcon;
				ASSETCATALOG_COMPILER_GLOBAL_ACCENT_COLOR_NAME = AccentColor;
				CODE_SIGN_STYLE = Automatic;
				CURRENT_PROJECT_VERSION = 1;
				DEVELOPMENT_TEAM = 8V8ZQ8R5D9;
				GENERATE_INFOPLIST_FILE = YES;
				INFOPLIST_FILE = SuperSoaker/Info.plist;
				INFOPLIST_KEY_UIApplicationSupportsIndirectInputEvents = YES;
				INFOPLIST_KEY_UILaunchStoryboardName = LaunchScreen;
				INFOPLIST_KEY_UIMainStoryboardFile = DashboardViewController;
				INFOPLIST_KEY_UISupportedInterfaceOrientations = UIInterfaceOrientationPortrait;
				INFOPLIST_KEY_UISupportedInterfaceOrientations_iPad = "UIInterfaceOrientationLandscapeLeft UIInterfaceOrientationLandscapeRight UIInterfaceOrientationPortrait UIInterfaceOrientationPortraitUpsideDown";
				IPHONEOS_DEPLOYMENT_TARGET = 15.0;
				LD_RUNPATH_SEARCH_PATHS = (
					"$(inherited)",
					"@executable_path/Frameworks",
				);
				MARKETING_VERSION = 1.0;
				PRODUCT_BUNDLE_IDENTIFIER = com.dlichz.SuperSoaker;
				PRODUCT_NAME = "$(TARGET_NAME)";
				SUPPORTED_PLATFORMS = "iphoneos iphonesimulator";
				SUPPORTS_MACCATALYST = NO;
				SUPPORTS_MAC_DESIGNED_FOR_IPHONE_IPAD = NO;
				SWIFT_EMIT_LOC_STRINGS = YES;
				SWIFT_VERSION = 5.0;
				TARGETED_DEVICE_FAMILY = 1;
			};
			name = Release;
		};
/* End XCBuildConfiguration section */

/* Begin XCConfigurationList section */
		DB53E4E42A2D349D00ADA4BE /* Build configuration list for PBXProject "SuperSoaker" */ = {
			isa = XCConfigurationList;
			buildConfigurations = (
				DB53E4FE2A2D349E00ADA4BE /* Debug */,
				DB53E4FF2A2D349E00ADA4BE /* Release */,
			);
			defaultConfigurationIsVisible = 0;
			defaultConfigurationName = Release;
		};
		DB53E5002A2D349E00ADA4BE /* Build configuration list for PBXNativeTarget "SuperSoaker" */ = {
			isa = XCConfigurationList;
			buildConfigurations = (
				DB53E5012A2D349E00ADA4BE /* Debug */,
				DB53E5022A2D349E00ADA4BE /* Release */,
			);
			defaultConfigurationIsVisible = 0;
			defaultConfigurationName = Release;
		};
/* End XCConfigurationList section */

/* Begin XCVersionGroup section */
		DB53E4F52A2D349D00ADA4BE /* SuperSoaker.xcdatamodeld */ = {
			isa = XCVersionGroup;
			children = (
				DB53E4F62A2D349D00ADA4BE /* SuperSoaker.xcdatamodel */,
			);
			currentVersion = DB53E4F62A2D349D00ADA4BE /* SuperSoaker.xcdatamodel */;
			path = SuperSoaker.xcdatamodeld;
			sourceTree = "<group>";
			versionGroupType = wrapper.xcdatamodel;
		};
/* End XCVersionGroup section */
	};
	rootObject = DB53E4E12A2D349D00ADA4BE /* Project object */;
}
